// !$*UTF8*$!
{
	archiveVersion = 1;
	classes = {
	};
	objectVersion = 50;
	objects = {

/* Begin PBXBuildFile section */
		84037ED9220B9BF900E059A7 /* Camera.storyboard in Resources */ = {isa = PBXBuildFile; fileRef = 84037ED8220B9BF900E059A7 /* Camera.storyboard */; };
		84037EDC220B9FA600E059A7 /* CameraViewController.swift in Sources */ = {isa = PBXBuildFile; fileRef = 84037EDB220B9FA600E059A7 /* CameraViewController.swift */; };
		84037EDE220BB0AC00E059A7 /* PhotoViewController.swift in Sources */ = {isa = PBXBuildFile; fileRef = 84037EDD220BB0AC00E059A7 /* PhotoViewController.swift */; };
		840E13FF21F91C11007A899D /* PlaceDetails.swift in Sources */ = {isa = PBXBuildFile; fileRef = 840E13FE21F91C11007A899D /* PlaceDetails.swift */; };
		840E140121F91F5A007A899D /* APIParser.swift in Sources */ = {isa = PBXBuildFile; fileRef = 840E140021F91F5A007A899D /* APIParser.swift */; };
		840E140721F93621007A899D /* SearchResultsViewController.swift in Sources */ = {isa = PBXBuildFile; fileRef = 840E140621F93621007A899D /* SearchResultsViewController.swift */; };
		840E140B21F938F3007A899D /* SearchResultTableViewCell.swift in Sources */ = {isa = PBXBuildFile; fileRef = 840E140921F938F3007A899D /* SearchResultTableViewCell.swift */; };
		840E140C21F938F3007A899D /* SearchResultTableViewCell.xib in Resources */ = {isa = PBXBuildFile; fileRef = 840E140A21F938F3007A899D /* SearchResultTableViewCell.xib */; };
		8433D630220B4D1900AFBDE5 /* Details.swift in Sources */ = {isa = PBXBuildFile; fileRef = 8433D62F220B4D1900AFBDE5 /* Details.swift */; };
		8433D634220B55AB00AFBDE5 /* DetailsViewCotroller.swift in Sources */ = {isa = PBXBuildFile; fileRef = 8433D633220B55AB00AFBDE5 /* DetailsViewCotroller.swift */; };
		8435278C2208E93D00441237 /* Filters.storyboard in Resources */ = {isa = PBXBuildFile; fileRef = 8435278B2208E93D00441237 /* Filters.storyboard */; };
		8435278E2208E9FD00441237 /* FiltersViewController.swift in Sources */ = {isa = PBXBuildFile; fileRef = 8435278D2208E9FD00441237 /* FiltersViewController.swift */; };
		844636F321FFBEA500C109BD /* RatingControl.swift in Sources */ = {isa = PBXBuildFile; fileRef = 844636F221FFBEA500C109BD /* RatingControl.swift */; };
		846FA3592202607100B294BF /* LocationService.swift in Sources */ = {isa = PBXBuildFile; fileRef = 846FA3582202607100B294BF /* LocationService.swift */; };
		84731E1121F6887200DDEDCF /* Constants.swift in Sources */ = {isa = PBXBuildFile; fileRef = 84731E1021F6887200DDEDCF /* Constants.swift */; };
		84731E1421F6891700DDEDCF /* NetworkingLayer.swift in Sources */ = {isa = PBXBuildFile; fileRef = 84731E1321F6891700DDEDCF /* NetworkingLayer.swift */; };
		84731E1621F6920500DDEDCF /* GooglePlacesAPI.swift in Sources */ = {isa = PBXBuildFile; fileRef = 84731E1521F6920500DDEDCF /* GooglePlacesAPI.swift */; };
		84AEB75C21EFE1E800656D2B /* AppDelegate.swift in Sources */ = {isa = PBXBuildFile; fileRef = 84AEB75B21EFE1E800656D2B /* AppDelegate.swift */; };
		84AEB76121EFE1E800656D2B /* Main.storyboard in Resources */ = {isa = PBXBuildFile; fileRef = 84AEB75F21EFE1E800656D2B /* Main.storyboard */; };
		84AEB76321EFE1EC00656D2B /* Assets.xcassets in Resources */ = {isa = PBXBuildFile; fileRef = 84AEB76221EFE1EC00656D2B /* Assets.xcassets */; };
		84AEB76621EFE1EC00656D2B /* LaunchScreen.storyboard in Resources */ = {isa = PBXBuildFile; fileRef = 84AEB76421EFE1EC00656D2B /* LaunchScreen.storyboard */; };
		84AEB76F21EFFE2E00656D2B /* SearchViewController.swift in Sources */ = {isa = PBXBuildFile; fileRef = 84AEB76E21EFFE2E00656D2B /* SearchViewController.swift */; };
/* End PBXBuildFile section */

/* Begin PBXFileReference section */
		84037ED8220B9BF900E059A7 /* Camera.storyboard */ = {isa = PBXFileReference; lastKnownFileType = file.storyboard; path = Camera.storyboard; sourceTree = "<group>"; };
		84037EDB220B9FA600E059A7 /* CameraViewController.swift */ = {isa = PBXFileReference; lastKnownFileType = sourcecode.swift; path = CameraViewController.swift; sourceTree = "<group>"; };
		84037EDD220BB0AC00E059A7 /* PhotoViewController.swift */ = {isa = PBXFileReference; lastKnownFileType = sourcecode.swift; path = PhotoViewController.swift; sourceTree = "<group>"; };
		840E13FE21F91C11007A899D /* PlaceDetails.swift */ = {isa = PBXFileReference; lastKnownFileType = sourcecode.swift; path = PlaceDetails.swift; sourceTree = "<group>"; };
		840E140021F91F5A007A899D /* APIParser.swift */ = {isa = PBXFileReference; lastKnownFileType = sourcecode.swift; path = APIParser.swift; sourceTree = "<group>"; };
		840E140621F93621007A899D /* SearchResultsViewController.swift */ = {isa = PBXFileReference; lastKnownFileType = sourcecode.swift; path = SearchResultsViewController.swift; sourceTree = "<group>"; };
		840E140921F938F3007A899D /* SearchResultTableViewCell.swift */ = {isa = PBXFileReference; lastKnownFileType = sourcecode.swift; path = SearchResultTableViewCell.swift; sourceTree = "<group>"; };
		840E140A21F938F3007A899D /* SearchResultTableViewCell.xib */ = {isa = PBXFileReference; lastKnownFileType = file.xib; path = SearchResultTableViewCell.xib; sourceTree = "<group>"; };
		8433D62F220B4D1900AFBDE5 /* Details.swift */ = {isa = PBXFileReference; lastKnownFileType = sourcecode.swift; path = Details.swift; sourceTree = "<group>"; };
		8433D633220B55AB00AFBDE5 /* DetailsViewCotroller.swift */ = {isa = PBXFileReference; lastKnownFileType = sourcecode.swift; path = DetailsViewCotroller.swift; sourceTree = "<group>"; };
		8435278B2208E93D00441237 /* Filters.storyboard */ = {isa = PBXFileReference; lastKnownFileType = file.storyboard; path = Filters.storyboard; sourceTree = "<group>"; };
		8435278D2208E9FD00441237 /* FiltersViewController.swift */ = {isa = PBXFileReference; lastKnownFileType = sourcecode.swift; path = FiltersViewController.swift; sourceTree = "<group>"; };
		844636F221FFBEA500C109BD /* RatingControl.swift */ = {isa = PBXFileReference; lastKnownFileType = sourcecode.swift; path = RatingControl.swift; sourceTree = "<group>"; };
		846FA3582202607100B294BF /* LocationService.swift */ = {isa = PBXFileReference; lastKnownFileType = sourcecode.swift; path = LocationService.swift; sourceTree = "<group>"; };
		84731E1021F6887200DDEDCF /* Constants.swift */ = {isa = PBXFileReference; lastKnownFileType = sourcecode.swift; path = Constants.swift; sourceTree = "<group>"; };
		84731E1321F6891700DDEDCF /* NetworkingLayer.swift */ = {isa = PBXFileReference; lastKnownFileType = sourcecode.swift; path = NetworkingLayer.swift; sourceTree = "<group>"; };
		84731E1521F6920500DDEDCF /* GooglePlacesAPI.swift */ = {isa = PBXFileReference; lastKnownFileType = sourcecode.swift; path = GooglePlacesAPI.swift; sourceTree = "<group>"; };
		84AEB75821EFE1E800656D2B /* GetGoingClass.app */ = {isa = PBXFileReference; explicitFileType = wrapper.application; includeInIndex = 0; path = GetGoingClass.app; sourceTree = BUILT_PRODUCTS_DIR; };
		84AEB75B21EFE1E800656D2B /* AppDelegate.swift */ = {isa = PBXFileReference; lastKnownFileType = sourcecode.swift; path = AppDelegate.swift; sourceTree = "<group>"; };
		84AEB76021EFE1E800656D2B /* Base */ = {isa = PBXFileReference; lastKnownFileType = file.storyboard; name = Base; path = Base.lproj/Main.storyboard; sourceTree = "<group>"; };
		84AEB76221EFE1EC00656D2B /* Assets.xcassets */ = {isa = PBXFileReference; lastKnownFileType = folder.assetcatalog; path = Assets.xcassets; sourceTree = "<group>"; };
		84AEB76521EFE1EC00656D2B /* Base */ = {isa = PBXFileReference; lastKnownFileType = file.storyboard; name = Base; path = Base.lproj/LaunchScreen.storyboard; sourceTree = "<group>"; };
		84AEB76721EFE1EC00656D2B /* Info.plist */ = {isa = PBXFileReference; lastKnownFileType = text.plist.xml; path = Info.plist; sourceTree = "<group>"; };
		84AEB76E21EFFE2E00656D2B /* SearchViewController.swift */ = {isa = PBXFileReference; lastKnownFileType = sourcecode.swift; path = SearchViewController.swift; sourceTree = "<group>"; };
/* End PBXFileReference section */

/* Begin PBXFrameworksBuildPhase section */
		84AEB75521EFE1E800656D2B /* Frameworks */ = {
			isa = PBXFrameworksBuildPhase;
			buildActionMask = 2147483647;
			files = (
			);
			runOnlyForDeploymentPostprocessing = 0;
		};
/* End PBXFrameworksBuildPhase section */

/* Begin PBXGroup section */
		84037EDA220B9F8600E059A7 /* Camera Folder */ = {
			isa = PBXGroup;
			children = (
				84037EDB220B9FA600E059A7 /* CameraViewController.swift */,
				84037EDD220BB0AC00E059A7 /* PhotoViewController.swift */,
			);
			path = "Camera Folder";
			sourceTree = "<group>";
		};
		840E13FD21F91BD8007A899D /* Model */ = {
			isa = PBXGroup;
			children = (
				840E13FE21F91C11007A899D /* PlaceDetails.swift */,
				840E140021F91F5A007A899D /* APIParser.swift */,
				8433D62F220B4D1900AFBDE5 /* Details.swift */,
			);
			path = Model;
			sourceTree = "<group>";
		};
		840E140821F937B6007A899D /* Cells */ = {
			isa = PBXGroup;
			children = (
				840E140921F938F3007A899D /* SearchResultTableViewCell.swift */,
				840E140A21F938F3007A899D /* SearchResultTableViewCell.xib */,
			);
			path = Cells;
			sourceTree = "<group>";
		};
		844636F121FFBE5900C109BD /* Custom Views */ = {
			isa = PBXGroup;
			children = (
				844636F221FFBEA500C109BD /* RatingControl.swift */,
			);
			path = "Custom Views";
			sourceTree = "<group>";
		};
		846FA3572202603C00B294BF /* Services */ = {
			isa = PBXGroup;
			children = (
				846FA3582202607100B294BF /* LocationService.swift */,
			);
			path = Services;
			sourceTree = "<group>";
		};
		84731E0D21F687EE00DDEDCF /* Resources */ = {
			isa = PBXGroup;
			children = (
				84731E1021F6887200DDEDCF /* Constants.swift */,
			);
			path = Resources;
			sourceTree = "<group>";
		};
		84731E1221F6889F00DDEDCF /* Networking */ = {
			isa = PBXGroup;
			children = (
				84731E1321F6891700DDEDCF /* NetworkingLayer.swift */,
				84731E1521F6920500DDEDCF /* GooglePlacesAPI.swift */,
			);
			path = Networking;
			sourceTree = "<group>";
		};
		84AEB74F21EFE1E700656D2B = {
			isa = PBXGroup;
			children = (
				84AEB75A21EFE1E800656D2B /* GetGoingClass */,
				84AEB75921EFE1E800656D2B /* Products */,
				84AEB76221EFE1EC00656D2B /* Assets.xcassets */,
			);
			sourceTree = "<group>";
		};
		84AEB75921EFE1E800656D2B /* Products */ = {
			isa = PBXGroup;
			children = (
				84AEB75821EFE1E800656D2B /* GetGoingClass.app */,
			);
			name = Products;
			sourceTree = "<group>";
		};
		84AEB75A21EFE1E800656D2B /* GetGoingClass */ = {
			isa = PBXGroup;
			children = (
				846FA3572202603C00B294BF /* Services */,
				840E13FD21F91BD8007A899D /* Model */,
				84731E1221F6889F00DDEDCF /* Networking */,
				84731E0D21F687EE00DDEDCF /* Resources */,
				84AEB76D21EFFCFE00656D2B /* ViewControllers */,
				84AEB75B21EFE1E800656D2B /* AppDelegate.swift */,
				84AEB75F21EFE1E800656D2B /* Main.storyboard */,
				84AEB76421EFE1EC00656D2B /* LaunchScreen.storyboard */,
				84AEB76721EFE1EC00656D2B /* Info.plist */,
				8435278B2208E93D00441237 /* Filters.storyboard */,
				84037ED8220B9BF900E059A7 /* Camera.storyboard */,
			);
			path = GetGoingClass;
			sourceTree = "<group>";
		};
		84AEB76D21EFFCFE00656D2B /* ViewControllers */ = {
			isa = PBXGroup;
			children = (
				84037EDA220B9F8600E059A7 /* Camera Folder */,
				844636F121FFBE5900C109BD /* Custom Views */,
				840E140821F937B6007A899D /* Cells */,
				84AEB76E21EFFE2E00656D2B /* SearchViewController.swift */,
				840E140621F93621007A899D /* SearchResultsViewController.swift */,
				8435278D2208E9FD00441237 /* FiltersViewController.swift */,
				8433D633220B55AB00AFBDE5 /* DetailsViewCotroller.swift */,
			);
			path = ViewControllers;
			sourceTree = "<group>";
		};
/* End PBXGroup section */

/* Begin PBXNativeTarget section */
		84AEB75721EFE1E800656D2B /* GetGoingClass */ = {
			isa = PBXNativeTarget;
			buildConfigurationList = 84AEB76A21EFE1EC00656D2B /* Build configuration list for PBXNativeTarget "GetGoingClass" */;
			buildPhases = (
				84AEB75421EFE1E800656D2B /* Sources */,
				84AEB75521EFE1E800656D2B /* Frameworks */,
				84AEB75621EFE1E800656D2B /* Resources */,
			);
			buildRules = (
			);
			dependencies = (
			);
			name = GetGoingClass;
			productName = GetGoingClass;
			productReference = 84AEB75821EFE1E800656D2B /* GetGoingClass.app */;
			productType = "com.apple.product-type.application";
		};
/* End PBXNativeTarget section */

/* Begin PBXProject section */
		84AEB75021EFE1E700656D2B /* Project object */ = {
			isa = PBXProject;
			attributes = {
				LastSwiftUpdateCheck = 1010;
				LastUpgradeCheck = 1010;
				ORGANIZATIONNAME = SMU;
				TargetAttributes = {
					84AEB75721EFE1E800656D2B = {
						CreatedOnToolsVersion = 10.1;
					};
				};
			};
			buildConfigurationList = 84AEB75321EFE1E700656D2B /* Build configuration list for PBXProject "GetGoingClass" */;
			compatibilityVersion = "Xcode 9.3";
			developmentRegion = en;
			hasScannedForEncodings = 0;
			knownRegions = (
				en,
				Base,
			);
			mainGroup = 84AEB74F21EFE1E700656D2B;
			productRefGroup = 84AEB75921EFE1E800656D2B /* Products */;
			projectDirPath = "";
			projectRoot = "";
			targets = (
				84AEB75721EFE1E800656D2B /* GetGoingClass */,
			);
		};
/* End PBXProject section */

/* Begin PBXResourcesBuildPhase section */
		84AEB75621EFE1E800656D2B /* Resources */ = {
			isa = PBXResourcesBuildPhase;
			buildActionMask = 2147483647;
			files = (
				84AEB76621EFE1EC00656D2B /* LaunchScreen.storyboard in Resources */,
				84037ED9220B9BF900E059A7 /* Camera.storyboard in Resources */,
				84AEB76321EFE1EC00656D2B /* Assets.xcassets in Resources */,
				840E140C21F938F3007A899D /* SearchResultTableViewCell.xib in Resources */,
				8435278C2208E93D00441237 /* Filters.storyboard in Resources */,
				84AEB76121EFE1E800656D2B /* Main.storyboard in Resources */,
			);
			runOnlyForDeploymentPostprocessing = 0;
		};
/* End PBXResourcesBuildPhase section */

/* Begin PBXSourcesBuildPhase section */
		84AEB75421EFE1E800656D2B /* Sources */ = {
			isa = PBXSourcesBuildPhase;
			buildActionMask = 2147483647;
			files = (
				840E140121F91F5A007A899D /* APIParser.swift in Sources */,
				840E140721F93621007A899D /* SearchResultsViewController.swift in Sources */,
				840E13FF21F91C11007A899D /* PlaceDetails.swift in Sources */,
				84AEB76F21EFFE2E00656D2B /* SearchViewController.swift in Sources */,
				84731E1421F6891700DDEDCF /* NetworkingLayer.swift in Sources */,
				84AEB75C21EFE1E800656D2B /* AppDelegate.swift in Sources */,
				846FA3592202607100B294BF /* LocationService.swift in Sources */,
				84731E1121F6887200DDEDCF /* Constants.swift in Sources */,
				8433D630220B4D1900AFBDE5 /* Details.swift in Sources */,
				84731E1621F6920500DDEDCF /* GooglePlacesAPI.swift in Sources */,
				844636F321FFBEA500C109BD /* RatingControl.swift in Sources */,
				84037EDC220B9FA600E059A7 /* CameraViewController.swift in Sources */,
				8435278E2208E9FD00441237 /* FiltersViewController.swift in Sources */,
				84037EDE220BB0AC00E059A7 /* PhotoViewController.swift in Sources */,
				8433D634220B55AB00AFBDE5 /* DetailsViewCotroller.swift in Sources */,
				840E140B21F938F3007A899D /* SearchResultTableViewCell.swift in Sources */,
			);
			runOnlyForDeploymentPostprocessing = 0;
		};
/* End PBXSourcesBuildPhase section */

/* Begin PBXVariantGroup section */
		84AEB75F21EFE1E800656D2B /* Main.storyboard */ = {
			isa = PBXVariantGroup;
			children = (
				84AEB76021EFE1E800656D2B /* Base */,
			);
			name = Main.storyboard;
			sourceTree = "<group>";
		};
		84AEB76421EFE1EC00656D2B /* LaunchScreen.storyboard */ = {
			isa = PBXVariantGroup;
			children = (
				84AEB76521EFE1EC00656D2B /* Base */,
			);
			name = LaunchScreen.storyboard;
			sourceTree = "<group>";
		};
/* End PBXVariantGroup section */

/* Begin XCBuildConfiguration section */
		84AEB76821EFE1EC00656D2B /* Debug */ = {
			isa = XCBuildConfiguration;
			buildSettings = {
				ALWAYS_SEARCH_USER_PATHS = NO;
				CLANG_ANALYZER_NONNULL = YES;
				CLANG_ANALYZER_NUMBER_OBJECT_CONVERSION = YES_AGGRESSIVE;
				CLANG_CXX_LANGUAGE_STANDARD = "gnu++14";
				CLANG_CXX_LIBRARY = "libc++";
				CLANG_ENABLE_MODULES = YES;
				CLANG_ENABLE_OBJC_ARC = YES;
				CLANG_ENABLE_OBJC_WEAK = YES;
				CLANG_WARN_BLOCK_CAPTURE_AUTORELEASING = YES;
				CLANG_WARN_BOOL_CONVERSION = YES;
				CLANG_WARN_COMMA = YES;
				CLANG_WARN_CONSTANT_CONVERSION = YES;
				CLANG_WARN_DEPRECATED_OBJC_IMPLEMENTATIONS = YES;
				CLANG_WARN_DIRECT_OBJC_ISA_USAGE = YES_ERROR;
				CLANG_WARN_DOCUMENTATION_COMMENTS = YES;
				CLANG_WARN_EMPTY_BODY = YES;
				CLANG_WARN_ENUM_CONVERSION = YES;
				CLANG_WARN_INFINITE_RECURSION = YES;
				CLANG_WARN_INT_CONVERSION = YES;
				CLANG_WARN_NON_LITERAL_NULL_CONVERSION = YES;
				CLANG_WARN_OBJC_IMPLICIT_RETAIN_SELF = YES;
				CLANG_WARN_OBJC_LITERAL_CONVERSION = YES;
				CLANG_WARN_OBJC_ROOT_CLASS = YES_ERROR;
				CLANG_WARN_RANGE_LOOP_ANALYSIS = YES;
				CLANG_WARN_STRICT_PROTOTYPES = YES;
				CLANG_WARN_SUSPICIOUS_MOVE = YES;
				CLANG_WARN_UNGUARDED_AVAILABILITY = YES_AGGRESSIVE;
				CLANG_WARN_UNREACHABLE_CODE = YES;
				CLANG_WARN__DUPLICATE_METHOD_MATCH = YES;
				CODE_SIGN_IDENTITY = "iPhone Developer";
				COPY_PHASE_STRIP = NO;
				DEBUG_INFORMATION_FORMAT = dwarf;
				ENABLE_STRICT_OBJC_MSGSEND = YES;
				ENABLE_TESTABILITY = YES;
				GCC_C_LANGUAGE_STANDARD = gnu11;
				GCC_DYNAMIC_NO_PIC = NO;
				GCC_NO_COMMON_BLOCKS = YES;
				GCC_OPTIMIZATION_LEVEL = 0;
				GCC_PREPROCESSOR_DEFINITIONS = (
					"DEBUG=1",
					"$(inherited)",
				);
				GCC_WARN_64_TO_32_BIT_CONVERSION = YES;
				GCC_WARN_ABOUT_RETURN_TYPE = YES_ERROR;
				GCC_WARN_UNDECLARED_SELECTOR = YES;
				GCC_WARN_UNINITIALIZED_AUTOS = YES_AGGRESSIVE;
				GCC_WARN_UNUSED_FUNCTION = YES;
				GCC_WARN_UNUSED_VARIABLE = YES;
				IPHONEOS_DEPLOYMENT_TARGET = 12.1;
				MTL_ENABLE_DEBUG_INFO = INCLUDE_SOURCE;
				MTL_FAST_MATH = YES;
				ONLY_ACTIVE_ARCH = YES;
				SDKROOT = iphoneos;
				SWIFT_ACTIVE_COMPILATION_CONDITIONS = DEBUG;
				SWIFT_OPTIMIZATION_LEVEL = "-Onone";
			};
			name = Debug;
		};
		84AEB76921EFE1EC00656D2B /* Release */ = {
			isa = XCBuildConfiguration;
			buildSettings = {
				ALWAYS_SEARCH_USER_PATHS = NO;
				CLANG_ANALYZER_NONNULL = YES;
				CLANG_ANALYZER_NUMBER_OBJECT_CONVERSION = YES_AGGRESSIVE;
				CLANG_CXX_LANGUAGE_STANDARD = "gnu++14";
				CLANG_CXX_LIBRARY = "libc++";
				CLANG_ENABLE_MODULES = YES;
				CLANG_ENABLE_OBJC_ARC = YES;
				CLANG_ENABLE_OBJC_WEAK = YES;
				CLANG_WARN_BLOCK_CAPTURE_AUTORELEASING = YES;
				CLANG_WARN_BOOL_CONVERSION = YES;
				CLANG_WARN_COMMA = YES;
				CLANG_WARN_CONSTANT_CONVERSION = YES;
				CLANG_WARN_DEPRECATED_OBJC_IMPLEMENTATIONS = YES;
				CLANG_WARN_DIRECT_OBJC_ISA_USAGE = YES_ERROR;
				CLANG_WARN_DOCUMENTATION_COMMENTS = YES;
				CLANG_WARN_EMPTY_BODY = YES;
				CLANG_WARN_ENUM_CONVERSION = YES;
				CLANG_WARN_INFINITE_RECURSION = YES;
				CLANG_WARN_INT_CONVERSION = YES;
				CLANG_WARN_NON_LITERAL_NULL_CONVERSION = YES;
				CLANG_WARN_OBJC_IMPLICIT_RETAIN_SELF = YES;
				CLANG_WARN_OBJC_LITERAL_CONVERSION = YES;
				CLANG_WARN_OBJC_ROOT_CLASS = YES_ERROR;
				CLANG_WARN_RANGE_LOOP_ANALYSIS = YES;
				CLANG_WARN_STRICT_PROTOTYPES = YES;
				CLANG_WARN_SUSPICIOUS_MOVE = YES;
				CLANG_WARN_UNGUARDED_AVAILABILITY = YES_AGGRESSIVE;
				CLANG_WARN_UNREACHABLE_CODE = YES;
				CLANG_WARN__DUPLICATE_METHOD_MATCH = YES;
				CODE_SIGN_IDENTITY = "iPhone Developer";
				COPY_PHASE_STRIP = NO;
				DEBUG_INFORMATION_FORMAT = "dwarf-with-dsym";
				ENABLE_NS_ASSERTIONS = NO;
				ENABLE_STRICT_OBJC_MSGSEND = YES;
				GCC_C_LANGUAGE_STANDARD = gnu11;
				GCC_NO_COMMON_BLOCKS = YES;
				GCC_WARN_64_TO_32_BIT_CONVERSION = YES;
				GCC_WARN_ABOUT_RETURN_TYPE = YES_ERROR;
				GCC_WARN_UNDECLARED_SELECTOR = YES;
				GCC_WARN_UNINITIALIZED_AUTOS = YES_AGGRESSIVE;
				GCC_WARN_UNUSED_FUNCTION = YES;
				GCC_WARN_UNUSED_VARIABLE = YES;
				IPHONEOS_DEPLOYMENT_TARGET = 12.1;
				MTL_ENABLE_DEBUG_INFO = NO;
				MTL_FAST_MATH = YES;
				SDKROOT = iphoneos;
				SWIFT_COMPILATION_MODE = wholemodule;
				SWIFT_OPTIMIZATION_LEVEL = "-O";
				VALIDATE_PRODUCT = YES;
			};
			name = Release;
		};
		84AEB76B21EFE1EC00656D2B /* Debug */ = {
			isa = XCBuildConfiguration;
			buildSettings = {
				ASSETCATALOG_COMPILER_APPICON_NAME = AppIcon;
				CODE_SIGN_STYLE = Automatic;
				DEVELOPMENT_TEAM = L6DS6K95F5;
				INFOPLIST_FILE = GetGoingClass/Info.plist;
				IPHONEOS_DEPLOYMENT_TARGET = 11.0;
				LD_RUNPATH_SEARCH_PATHS = (
					"$(inherited)",
					"@executable_path/Frameworks",
				);
				PRODUCT_BUNDLE_IDENTIFIER = com.smu.GetGoing2;
				PRODUCT_NAME = "$(TARGET_NAME)";
				SWIFT_VERSION = 4.2;
				TARGETED_DEVICE_FAMILY = "1,2";
			};
			name = Debug;
		};
		84AEB76C21EFE1EC00656D2B /* Release */ = {
			isa = XCBuildConfiguration;
			buildSettings = {
				ASSETCATALOG_COMPILER_APPICON_NAME = AppIcon;
				CODE_SIGN_STYLE = Automatic;
				DEVELOPMENT_TEAM = L6DS6K95F5;
				INFOPLIST_FILE = GetGoingClass/Info.plist;
				IPHONEOS_DEPLOYMENT_TARGET = 11.0;
				LD_RUNPATH_SEARCH_PATHS = (
					"$(inherited)",
					"@executable_path/Frameworks",
				);
				PRODUCT_BUNDLE_IDENTIFIER = com.smu.GetGoing2;
				PRODUCT_NAME = "$(TARGET_NAME)";
				SWIFT_VERSION = 4.2;
				TARGETED_DEVICE_FAMILY = "1,2";
			};
			name = Release;
		};
/* End XCBuildConfiguration section */

/* Begin XCConfigurationList section */
		84AEB75321EFE1E700656D2B /* Build configuration list for PBXProject "GetGoingClass" */ = {
			isa = XCConfigurationList;
			buildConfigurations = (
				84AEB76821EFE1EC00656D2B /* Debug */,
				84AEB76921EFE1EC00656D2B /* Release */,
			);
			defaultConfigurationIsVisible = 0;
			defaultConfigurationName = Release;
		};
		84AEB76A21EFE1EC00656D2B /* Build configuration list for PBXNativeTarget "GetGoingClass" */ = {
			isa = XCConfigurationList;
			buildConfigurations = (
				84AEB76B21EFE1EC00656D2B /* Debug */,
				84AEB76C21EFE1EC00656D2B /* Release */,
			);
			defaultConfigurationIsVisible = 0;
			defaultConfigurationName = Release;
		};
/* End XCConfigurationList section */
	};
	rootObject = 84AEB75021EFE1E700656D2B /* Project object */;
}
